
Microsoft Visual Studio Solution File, Format Version 12.00
# Visual Studio 15
VisualStudioVersion = 15.0.27130.2027
MinimumVisualStudioVersion = 10.0.40219.1
Project("{FAE04EC0-301F-11D3-BF4B-00C04F79EFBC}") = "WebApi", "WebApi\WebApi.csproj", "{3555D082-12BF-45C6-B119-DA35FFAF8318}"
EndProject
Project("{FAE04EC0-301F-11D3-BF4B-00C04F79EFBC}") = "ConsoleApp", "ConsoleApp\ConsoleApp.csproj", "{3ECD0671-A11B-4C12-A6D5-6DD901E808B7}"
EndProject
Global
	GlobalSection(SolutionConfigurationPlatforms) = preSolution
		Debug|Any CPU = Debug|Any CPU
		Release|Any CPU = Release|Any CPU
	EndGlobalSection
	GlobalSection(ProjectConfigurationPlatforms) = postSolution
		{3555D082-12BF-45C6-B119-DA35FFAF8318}.Debug|Any CPU.ActiveCfg = Debug|Any CPU
		{3555D082-12BF-45C6-B119-DA35FFAF8318}.Debug|Any CPU.Build.0 = Debug|Any CPU
		{3555D082-12BF-45C6-B119-DA35FFAF8318}.Release|Any CPU.ActiveCfg = Release|Any CPU
		{3555D082-12BF-45C6-B119-DA35FFAF8318}.Release|Any CPU.Build.0 = Release|Any CPU
		{3ECD0671-A11B-4C12-A6D5-6DD901E808B7}.Debug|Any CPU.ActiveCfg = Debug|Any CPU
		{3ECD0671-A11B-4C12-A6D5-6DD901E808B7}.Debug|Any CPU.Build.0 = Debug|Any CPU
		{3ECD0671-A11B-4C12-A6D5-6DD901E808B7}.Release|Any CPU.ActiveCfg = Release|Any CPU
		{3ECD0671-A11B-4C12-A6D5-6DD901E808B7}.Release|Any CPU.Build.0 = Release|Any CPU
	EndGlobalSection
	GlobalSection(SolutionProperties) = preSolution
		HideSolutionNode = FALSE
	EndGlobalSection
	GlobalSection(ExtensibilityGlobals) = postSolution
		SolutionGuid = {83877148-117B-4E73-B0E7-4849D9C8055E}
	EndGlobalSection
EndGlobal
