
Microsoft Visual Studio Solution File, Format Version 12.00
# Visual Studio 15
VisualStudioVersion = 15.0.27130.2027
MinimumVisualStudioVersion = 10.0.40219.1
Project("{FAE04EC0-301F-11D3-BF4B-00C04F79EFBC}") = "WebApp", "WebApp\WebApp.csproj", "{93DCA4E4-37DF-40B0-9FE2-34D44DE57902}"
EndProject
Global
	GlobalSection(SolutionConfigurationPlatforms) = preSolution
		Debug|Any CPU = Debug|Any CPU
		Release|Any CPU = Release|Any CPU
	EndGlobalSection
	GlobalSection(ProjectConfigurationPlatforms) = postSolution
		{93DCA4E4-37DF-40B0-9FE2-34D44DE57902}.Debug|Any CPU.ActiveCfg = Debug|Any CPU
		{93DCA4E4-37DF-40B0-9FE2-34D44DE57902}.Debug|Any CPU.Build.0 = Debug|Any CPU
		{93DCA4E4-37DF-40B0-9FE2-34D44DE57902}.Release|Any CPU.ActiveCfg = Release|Any CPU
		{93DCA4E4-37DF-40B0-9FE2-34D44DE57902}.Release|Any CPU.Build.0 = Release|Any CPU
	EndGlobalSection
	GlobalSection(SolutionProperties) = preSolution
		HideSolutionNode = FALSE
	EndGlobalSection
	GlobalSection(ExtensibilityGlobals) = postSolution
		SolutionGuid = {F13176AF-FD63-46CC-99F2-91F35A7CAE67}
	EndGlobalSection
EndGlobal
